
Microsoft Visual Studio Solution File, Format Version 12.00
# Visual Studio Version 16
VisualStudioVersion = 16.0.31112.23
MinimumVisualStudioVersion = 10.0.40219.1
Project("{9A19103F-16F7-4668-BE54-9A1E7A4F7556}") = "AuthenticationServerAPI", "AuthenticationServer\AuthenticationServerAPI.csproj", "{3DC3F856-1A5C-4A54-B9A9-C99EC63FC04B}"
EndProject
Project("{FAE04EC0-301F-11D3-BF4B-00C04F79EFBC}") = "DataServerAPI", "DataServerAPI\DataServerAPI.csproj", "{4910A529-2BAA-4762-9E29-A20F54070B6A}"
EndProject
Global
	GlobalSection(SolutionConfigurationPlatforms) = preSolution
		Debug|Any CPU = Debug|Any CPU
		Release|Any CPU = Release|Any CPU
	EndGlobalSection
	GlobalSection(ProjectConfigurationPlatforms) = postSolution
		{3DC3F856-1A5C-4A54-B9A9-C99EC63FC04B}.Debug|Any CPU.ActiveCfg = Debug|Any CPU
		{3DC3F856-1A5C-4A54-B9A9-C99EC63FC04B}.Debug|Any CPU.Build.0 = Debug|Any CPU
		{3DC3F856-1A5C-4A54-B9A9-C99EC63FC04B}.Release|Any CPU.ActiveCfg = Release|Any CPU
		{3DC3F856-1A5C-4A54-B9A9-C99EC63FC04B}.Release|Any CPU.Build.0 = Release|Any CPU
		{4910A529-2BAA-4762-9E29-A20F54070B6A}.Debug|Any CPU.ActiveCfg = Debug|Any CPU
		{4910A529-2BAA-4762-9E29-A20F54070B6A}.Debug|Any CPU.Build.0 = Debug|Any CPU
		{4910A529-2BAA-4762-9E29-A20F54070B6A}.Release|Any CPU.ActiveCfg = Release|Any CPU
		{4910A529-2BAA-4762-9E29-A20F54070B6A}.Release|Any CPU.Build.0 = Release|Any CPU
	EndGlobalSection
	GlobalSection(SolutionProperties) = preSolution
		HideSolutionNode = FALSE
	EndGlobalSection
	GlobalSection(ExtensibilityGlobals) = postSolution
		SolutionGuid = {80F3CEB1-D58E-416E-97A8-763EA2A5B827}
	EndGlobalSection
EndGlobal
